
Microsoft Visual Studio Solution File, Format Version 12.00
# Visual Studio Version 16
VisualStudioVersion = 16.0.32002.261
MinimumVisualStudioVersion = 10.0.40219.1
Project("{FAE04EC0-301F-11D3-BF4B-00C04F79EFBC}") = "DroneMesh", "DroneMesh.csproj", "{47C6DC0A-00A0-4326-B343-F67877D23B17}"
EndProject
Global
	GlobalSection(SolutionConfigurationPlatforms) = preSolution
		Debug|Any CPU = Debug|Any CPU
		Release|Any CPU = Release|Any CPU
	EndGlobalSection
	GlobalSection(ProjectConfigurationPlatforms) = postSolution
		{47C6DC0A-00A0-4326-B343-F67877D23B17}.Debug|Any CPU.ActiveCfg = Debug|Any CPU
		{47C6DC0A-00A0-4326-B343-F67877D23B17}.Debug|Any CPU.Build.0 = Debug|Any CPU
		{47C6DC0A-00A0-4326-B343-F67877D23B17}.Release|Any CPU.ActiveCfg = Release|Any CPU
		{47C6DC0A-00A0-4326-B343-F67877D23B17}.Release|Any CPU.Build.0 = Release|Any CPU
	EndGlobalSection
	GlobalSection(SolutionProperties) = preSolution
		HideSolutionNode = FALSE
	EndGlobalSection
	GlobalSection(ExtensibilityGlobals) = postSolution
		SolutionGuid = {D1CECEF2-3BEE-443E-8ED2-4C8ABE1717E5}
	EndGlobalSection
EndGlobal
