
Microsoft Visual Studio Solution File, Format Version 12.00
# Visual Studio Version 16
VisualStudioVersion = 16.0.30523.141
MinimumVisualStudioVersion = 10.0.40219.1
Project("{FAE04EC0-301F-11D3-BF4B-00C04F79EFBC}") = "mpu9250", "mpu9250.csproj", "{64426A83-4BBC-469A-A8B4-1EA3287F750D}"
EndProject
Global
	GlobalSection(SolutionConfigurationPlatforms) = preSolution
		Debug|Any CPU = Debug|Any CPU
		Release|Any CPU = Release|Any CPU
	EndGlobalSection
	GlobalSection(ProjectConfigurationPlatforms) = postSolution
		{64426A83-4BBC-469A-A8B4-1EA3287F750D}.Debug|Any CPU.ActiveCfg = Debug|Any CPU
		{64426A83-4BBC-469A-A8B4-1EA3287F750D}.Debug|Any CPU.Build.0 = Debug|Any CPU
		{64426A83-4BBC-469A-A8B4-1EA3287F750D}.Release|Any CPU.ActiveCfg = Release|Any CPU
		{64426A83-4BBC-469A-A8B4-1EA3287F750D}.Release|Any CPU.Build.0 = Release|Any CPU
	EndGlobalSection
	GlobalSection(SolutionProperties) = preSolution
		HideSolutionNode = FALSE
	EndGlobalSection
	GlobalSection(ExtensibilityGlobals) = postSolution
		SolutionGuid = {129BBA4B-2EFE-44C6-9E82-576232F8B4D1}
	EndGlobalSection
EndGlobal
