
Microsoft Visual Studio Solution File, Format Version 12.00
# Visual Studio Version 16
VisualStudioVersion = 16.0.32002.261
MinimumVisualStudioVersion = 10.0.40219.1
Project("{FAE04EC0-301F-11D3-BF4B-00C04F79EFBC}") = "DroneCamWpf", "DroneCamWpf.csproj", "{C51F2E95-185A-4C55-97F9-2441BD976519}"
EndProject
Global
	GlobalSection(SolutionConfigurationPlatforms) = preSolution
		Debug|Any CPU = Debug|Any CPU
		Release|Any CPU = Release|Any CPU
	EndGlobalSection
	GlobalSection(ProjectConfigurationPlatforms) = postSolution
		{C51F2E95-185A-4C55-97F9-2441BD976519}.Debug|Any CPU.ActiveCfg = Debug|Any CPU
		{C51F2E95-185A-4C55-97F9-2441BD976519}.Debug|Any CPU.Build.0 = Debug|Any CPU
		{C51F2E95-185A-4C55-97F9-2441BD976519}.Release|Any CPU.ActiveCfg = Release|Any CPU
		{C51F2E95-185A-4C55-97F9-2441BD976519}.Release|Any CPU.Build.0 = Release|Any CPU
	EndGlobalSection
	GlobalSection(SolutionProperties) = preSolution
		HideSolutionNode = FALSE
	EndGlobalSection
	GlobalSection(ExtensibilityGlobals) = postSolution
		SolutionGuid = {25210FDB-D984-4414-966A-F6CD2CA8CBEB}
	EndGlobalSection
EndGlobal
